
Microsoft Visual Studio Solution File, Format Version 12.00
# Visual Studio Version 16
VisualStudioVersion = 16.0.29613.14
MinimumVisualStudioVersion = 10.0.40219.1
Project("{9092AA53-FB77-4645-B42D-1CCCA6BD08BD}") = "magnesium", "magnesium.njsproj", "{98B27EE0-4C4C-4B71-9B5B-64B05F9E4D10}"
EndProject
Global
	GlobalSection(SolutionConfigurationPlatforms) = preSolution
		Debug|Any CPU = Debug|Any CPU
		Release|Any CPU = Release|Any CPU
	EndGlobalSection
	GlobalSection(ProjectConfigurationPlatforms) = postSolution
		{98B27EE0-4C4C-4B71-9B5B-64B05F9E4D10}.Debug|Any CPU.ActiveCfg = Debug|Any CPU
		{98B27EE0-4C4C-4B71-9B5B-64B05F9E4D10}.Debug|Any CPU.Build.0 = Debug|Any CPU
		{98B27EE0-4C4C-4B71-9B5B-64B05F9E4D10}.Release|Any CPU.ActiveCfg = Release|Any CPU
		{98B27EE0-4C4C-4B71-9B5B-64B05F9E4D10}.Release|Any CPU.Build.0 = Release|Any CPU
	EndGlobalSection
	GlobalSection(SolutionProperties) = preSolution
		HideSolutionNode = FALSE
	EndGlobalSection
	GlobalSection(ExtensibilityGlobals) = postSolution
		SolutionGuid = {B6CDDC19-9630-4E1C-A9CF-B42CB5EC2660}
	EndGlobalSection
EndGlobal
